schema: '2.0'
stages:
  complete-ubermedia:
    cmd: dz run-step ubermedia complete
    deps:
    - path: src/ubermedia/raw_proc.py
      md5: 60813d39c1884ac24ec46c6cb2188fc8
      size: 865
    params:
      zimmer.yaml:
        envs.complete.params.chunksize_mil: 10
    outs:
    - path: data/gpsping/ubermedia/complete
      md5: b03eb2acb611ff28a10762f5b840afe0.dir
      size: 74840159695
      nfiles: 6144
  non_covid_sunday-ubermedia:
    cmd: dz run-step ubermedia non_covid_sunday
    deps:
    - path: data/gpsping/ubermedia/complete
      md5: b03eb2acb611ff28a10762f5b840afe0.dir
      size: 74840159695
      nfiles: 6144
    - path: src/ubermedia/envs.py
      md5: 5ff8956992c4f0e8377c87f2db4679db
      size: 835
    params:
      zimmer.yaml:
        envs.non_covid_sunday.params.ind_of_weekday: 6
        envs.non_covid_sunday.params.is_covid: false
    outs:
    - path: data/gpsping/ubermedia/non_covid_sunday
      md5: 3618d1703fff3e475c269a0cc89bbb84.dir
      size: 113646037
      nfiles: 256
  covid_full_week-ubermedia:
    cmd: dz run-step ubermedia covid_full_week
    deps:
    - path: data/gpsping/ubermedia/complete
      md5: b03eb2acb611ff28a10762f5b840afe0.dir
      size: 74840159695
      nfiles: 6144
    - path: src/ubermedia/envs.py
      md5: 5ff8956992c4f0e8377c87f2db4679db
      size: 835
    params:
      zimmer.yaml:
        envs.covid_full_week.params.ind_of_weekday:
        envs.covid_full_week.params.is_covid: true
    outs:
    - path: data/gpsping/ubermedia/covid_full_week
      md5: 4c585ba8c6fa1d5eca6fc5c5fc16437f.dir
      size: 903345654
      nfiles: 256
  covid_saturday-ubermedia:
    cmd: dz run-step ubermedia covid_saturday
    deps:
    - path: data/gpsping/ubermedia/complete
      md5: b03eb2acb611ff28a10762f5b840afe0.dir
      size: 74840159695
      nfiles: 6144
    - path: src/ubermedia/envs.py
      md5: 5ff8956992c4f0e8377c87f2db4679db
      size: 835
    params:
      zimmer.yaml:
        envs.covid_saturday.params.ind_of_weekday: 5
        envs.covid_saturday.params.is_covid: true
    outs:
    - path: data/gpsping/ubermedia/covid_saturday
      md5: 2cc2b1d01d54728bf8f9b67e3e38741f.dir
      size: 126729440
      nfiles: 256
  non_covid_full_week-ubermedia:
    cmd: dz run-step ubermedia non_covid_full_week
    deps:
    - path: data/gpsping/ubermedia/complete
      md5: b03eb2acb611ff28a10762f5b840afe0.dir
      size: 74840159695
      nfiles: 6144
    - path: src/ubermedia/envs.py
      md5: 5ff8956992c4f0e8377c87f2db4679db
      size: 835
    params:
      zimmer.yaml:
        envs.non_covid_full_week.params.ind_of_weekday:
        envs.non_covid_full_week.params.is_covid: false
    outs:
    - path: data/gpsping/ubermedia/non_covid_full_week
      md5: 4ab6577fafbfa419607cfb6760ae0a88.dir
      size: 796452579
      nfiles: 256
  non_covid_thursday-ubermedia:
    cmd: dz run-step ubermedia non_covid_thursday
    deps:
    - path: data/gpsping/ubermedia/complete
      md5: b03eb2acb611ff28a10762f5b840afe0.dir
      size: 74840159695
      nfiles: 6144
    - path: src/ubermedia/envs.py
      md5: 5ff8956992c4f0e8377c87f2db4679db
      size: 835
    params:
      zimmer.yaml:
        envs.non_covid_thursday.params.ind_of_weekday: 3
        envs.non_covid_thursday.params.is_covid: false
    outs:
    - path: data/gpsping/ubermedia/non_covid_thursday
      md5: b6eeca8884afff93e91312b041f1fb17.dir
      size: 116407983
      nfiles: 256
  non_covid_saturday-ubermedia:
    cmd: dz run-step ubermedia non_covid_saturday
    deps:
    - path: data/gpsping/ubermedia/complete
      md5: b03eb2acb611ff28a10762f5b840afe0.dir
      size: 74840159695
      nfiles: 6144
    - path: src/ubermedia/envs.py
      md5: 5ff8956992c4f0e8377c87f2db4679db
      size: 835
    params:
      zimmer.yaml:
        envs.non_covid_saturday.params.ind_of_weekday: 5
        envs.non_covid_saturday.params.is_covid: false
    outs:
    - path: data/gpsping/ubermedia/non_covid_saturday
      md5: 185f9f942e1b67d48c05333d12e9e622.dir
      size: 126319191
      nfiles: 256
  covid_sunday-ubermedia:
    cmd: dz run-step ubermedia covid_sunday
    deps:
    - path: data/gpsping/ubermedia/complete
      md5: b03eb2acb611ff28a10762f5b840afe0.dir
      size: 74840159695
      nfiles: 6144
    - path: src/ubermedia/envs.py
      md5: 5ff8956992c4f0e8377c87f2db4679db
      size: 835
    params:
      zimmer.yaml:
        envs.covid_sunday.params.ind_of_weekday: 6
        envs.covid_sunday.params.is_covid: true
    outs:
    - path: data/gpsping/ubermedia/covid_sunday
      md5: 7bfc934f1cfdf60f71408e895bd82167.dir
      size: 112142524
      nfiles: 256
  covid_thursday-ubermedia:
    cmd: dz run-step ubermedia covid_thursday
    deps:
    - path: data/gpsping/ubermedia/complete
      md5: b03eb2acb611ff28a10762f5b840afe0.dir
      size: 74840159695
      nfiles: 6144
    - path: src/ubermedia/envs.py
      md5: 5ff8956992c4f0e8377c87f2db4679db
      size: 835
    params:
      zimmer.yaml:
        envs.covid_thursday.params.ind_of_weekday: 3
        envs.covid_thursday.params.is_covid: true
    outs:
    - path: data/gpsping/ubermedia/covid_thursday
      md5: 77085de83ea2b9ca17266af864c02ce1.dir
      size: 137792310
      nfiles: 256
  non_covid_tuesday-ubermedia:
    cmd: dz run-step ubermedia non_covid_tuesday
    deps:
    - path: data/gpsping/ubermedia/complete
      md5: b03eb2acb611ff28a10762f5b840afe0.dir
      size: 74840159695
      nfiles: 6144
    - path: src/ubermedia/envs.py
      md5: 5ff8956992c4f0e8377c87f2db4679db
      size: 835
    params:
      zimmer.yaml:
        envs.non_covid_tuesday.params.ind_of_weekday: 1
        envs.non_covid_tuesday.params.is_covid: false
    outs:
    - path: data/gpsping/ubermedia/non_covid_tuesday
      md5: 753d2042371c148b0a221d8a564bee78.dir
      size: 110562601
      nfiles: 256
  covid_tuesday-ubermedia:
    cmd: dz run-step ubermedia covid_tuesday
    deps:
    - path: data/gpsping/ubermedia/complete
      md5: b03eb2acb611ff28a10762f5b840afe0.dir
      size: 74840159695
      nfiles: 6144
    - path: src/ubermedia/envs.py
      md5: 5ff8956992c4f0e8377c87f2db4679db
      size: 835
    params:
      zimmer.yaml:
        envs.covid_tuesday.params.ind_of_weekday: 1
        envs.covid_tuesday.params.is_covid: true
    outs:
    - path: data/gpsping/ubermedia/covid_tuesday
      md5: b730e31184a573748ea9e634ad6eb0e0.dir
      size: 136280133
      nfiles: 256
