schema: '2.0'
stages:
  complete-ubermedia:
    cmd: dz run-step ubermedia complete
    deps:
    - path: src/ubermedia/raw_proc.py
      md5: 60813d39c1884ac24ec46c6cb2188fc8
      size: 865
    params:
      zimmer.yaml:
        envs.complete.params.chunksize_mil: 10
    outs:
    - path: data/gpsping/ubermedia/complete
      md5: b03eb2acb611ff28a10762f5b840afe0.dir
      size: 74840159695
      nfiles: 6144
  non_covid_sunday-ubermedia:
    cmd: dz run-step ubermedia non_covid_sunday
    deps:
    - path: data/gpsping/ubermedia/complete
      md5: b03eb2acb611ff28a10762f5b840afe0.dir
      size: 74840159695
      nfiles: 6144
    - path: src/ubermedia/envs.py
      md5: 5ff8956992c4f0e8377c87f2db4679db
      size: 835
    params:
      zimmer.yaml:
        envs.non_covid_sunday.params.ind_of_weekday: 6
        envs.non_covid_sunday.params.is_covid: false
    outs:
    - path: data/gpsping/ubermedia/non_covid_sunday
      md5: 3618d1703fff3e475c269a0cc89bbb84.dir
      size: 113646037
      nfiles: 256
  covid_full_week-ubermedia:
    cmd: dz run-step ubermedia covid_full_week
    deps:
    - path: data/gpsping/ubermedia/complete
      md5: b03eb2acb611ff28a10762f5b840afe0.dir
      size: 74840159695
      nfiles: 6144
    - path: src/ubermedia/envs.py
      md5: 5ff8956992c4f0e8377c87f2db4679db
      size: 835
    params:
      zimmer.yaml:
        envs.covid_full_week.params.ind_of_weekday:
        envs.covid_full_week.params.is_covid: true
    outs:
    - path: data/gpsping/ubermedia/covid_full_week
      md5: 4c585ba8c6fa1d5eca6fc5c5fc16437f.dir
      size: 903345654
      nfiles: 256
  covid_saturday-ubermedia:
    cmd: dz run-step ubermedia covid_saturday
    deps:
    - path: data/gpsping/ubermedia/complete
      md5: b03eb2acb611ff28a10762f5b840afe0.dir
      size: 74840159695
      nfiles: 6144
    - path: src/ubermedia/envs.py
      md5: 5ff8956992c4f0e8377c87f2db4679db
      size: 835
    params:
      zimmer.yaml:
        envs.covid_saturday.params.ind_of_weekday: 5
        envs.covid_saturday.params.is_covid: true
    outs:
    - path: data/gpsping/ubermedia/covid_saturday
      md5: 2cc2b1d01d54728bf8f9b67e3e38741f.dir
      size: 126729440
      nfiles: 256
  non_covid_full_week-ubermedia:
    cmd: dz run-step ubermedia non_covid_full_week
    deps:
    - path: data/gpsping/ubermedia/complete
      md5: b03eb2acb611ff28a10762f5b840afe0.dir
      size: 74840159695
      nfiles: 6144
    - path: src/ubermedia/envs.py
      md5: 5ff8956992c4f0e8377c87f2db4679db
      size: 835
    params:
      zimmer.yaml:
        envs.non_covid_full_week.params.ind_of_weekday:
        envs.non_covid_full_week.params.is_covid: false
    outs:
    - path: data/gpsping/ubermedia/non_covid_full_week
      md5: 4ab6577fafbfa419607cfb6760ae0a88.dir
      size: 796452579
      nfiles: 256
  non_covid_thursday-ubermedia:
    cmd: dz run-step ubermedia non_covid_thursday
    deps:
    - path: data/gpsping/ubermedia/complete
      md5: b03eb2acb611ff28a10762f5b840afe0.dir
      size: 74840159695
      nfiles: 6144
    - path: src/ubermedia/envs.py
      md5: 5ff8956992c4f0e8377c87f2db4679db
      size: 835
    params:
      zimmer.yaml:
        envs.non_covid_thursday.params.ind_of_weekday: 3
        envs.non_covid_thursday.params.is_covid: false
    outs:
    - path: data/gpsping/ubermedia/non_covid_thursday
      md5: b6eeca8884afff93e91312b041f1fb17.dir
      size: 116407983
      nfiles: 256
  non_covid_saturday-ubermedia:
    cmd: dz run-step ubermedia non_covid_saturday
    deps:
    - path: data/gpsping/ubermedia/complete
      md5: b03eb2acb611ff28a10762f5b840afe0.dir
      size: 74840159695
      nfiles: 6144
    - path: src/ubermedia/envs.py
      md5: 5ff8956992c4f0e8377c87f2db4679db
      size: 835
    params:
      zimmer.yaml:
        envs.non_covid_saturday.params.ind_of_weekday: 5
        envs.non_covid_saturday.params.is_covid: false
    outs:
    - path: data/gpsping/ubermedia/non_covid_saturday
      md5: 185f9f942e1b67d48c05333d12e9e622.dir
      size: 126319191
      nfiles: 256
  covid_sunday-ubermedia:
    cmd: dz run-step ubermedia covid_sunday
    deps:
    - path: data/gpsping/ubermedia/complete
      md5: b03eb2acb611ff28a10762f5b840afe0.dir
      size: 74840159695
      nfiles: 6144
    - path: src/ubermedia/envs.py
      md5: 5ff8956992c4f0e8377c87f2db4679db
      size: 835
    params:
      zimmer.yaml:
        envs.covid_sunday.params.ind_of_weekday: 6
        envs.covid_sunday.params.is_covid: true
    outs:
    - path: data/gpsping/ubermedia/covid_sunday
      md5: 7bfc934f1cfdf60f71408e895bd82167.dir
      size: 112142524
      nfiles: 256
  covid_thursday-ubermedia:
    cmd: dz run-step ubermedia covid_thursday
    deps:
    - path: data/gpsping/ubermedia/complete
      md5: b03eb2acb611ff28a10762f5b840afe0.dir
      size: 74840159695
      nfiles: 6144
    - path: src/ubermedia/envs.py
      md5: 5ff8956992c4f0e8377c87f2db4679db
      size: 835
    params:
      zimmer.yaml:
        envs.covid_thursday.params.ind_of_weekday: 3
        envs.covid_thursday.params.is_covid: true
    outs:
    - path: data/gpsping/ubermedia/covid_thursday
      md5: 77085de83ea2b9ca17266af864c02ce1.dir
      size: 137792310
      nfiles: 256
  non_covid_tuesday-ubermedia:
    cmd: dz run-step ubermedia non_covid_tuesday
    deps:
    - path: data/gpsping/ubermedia/complete
      md5: b03eb2acb611ff28a10762f5b840afe0.dir
      size: 74840159695
      nfiles: 6144
    - path: src/ubermedia/envs.py
      md5: 5ff8956992c4f0e8377c87f2db4679db
      size: 835
    params:
      zimmer.yaml:
        envs.non_covid_tuesday.params.ind_of_weekday: 1
        envs.non_covid_tuesday.params.is_covid: false
    outs:
    - path: data/gpsping/ubermedia/non_covid_tuesday
      md5: 753d2042371c148b0a221d8a564bee78.dir
      size: 110562601
      nfiles: 256
  covid_tuesday-ubermedia:
    cmd: dz run-step ubermedia covid_tuesday
    deps:
    - path: data/gpsping/ubermedia/complete
      md5: b03eb2acb611ff28a10762f5b840afe0.dir
      size: 74840159695
      nfiles: 6144
    - path: src/ubermedia/envs.py
      md5: 5ff8956992c4f0e8377c87f2db4679db
      size: 835
    params:
      zimmer.yaml:
        envs.covid_tuesday.params.ind_of_weekday: 1
        envs.covid_tuesday.params.is_covid: true
    outs:
    - path: data/gpsping/ubermedia/covid_tuesday
      md5: b730e31184a573748ea9e634ad6eb0e0.dir
      size: 136280133
      nfiles: 256
  non_covid_saturday-minor_report:
    cmd: dz run-step minor_report non_covid_saturday
    deps:
    - path: data/gpsping/ubermedia/non_covid_saturday/extended_ping
      md5: 6149bc56ea7193fbbe54f2e2b1568b8e.dir
      size: 126319191
      nfiles: 256
    - path: src/minor_report.py
      md5: ca7f80f59a7f5d49f0a4452be19a64bd
      size: 902
    outs:
    - path: data/gpsping/minor_report/non_covid_saturday/date_aggregation.parquet
      md5: 137a97ad03d561d74b3b96eeaed047c6
      size: 2873
  covid_thursday-minor_report:
    cmd: dz run-step minor_report covid_thursday
    deps:
    - path: data/gpsping/ubermedia/covid_thursday/extended_ping
      md5: de855de159af1271880b217e9d2b065b.dir
      size: 137792310
      nfiles: 256
    - path: src/minor_report.py
      md5: ca7f80f59a7f5d49f0a4452be19a64bd
      size: 902
    outs:
    - path: data/gpsping/minor_report/covid_thursday/date_aggregation.parquet
      md5: c914d0be02f24e20d6c28400f3f8e58b
      size: 2873
  non_covid_full_week-minor_report:
    cmd: dz run-step minor_report non_covid_full_week
    deps:
    - path: data/gpsping/ubermedia/non_covid_full_week/extended_ping
      md5: c7e48602cdb6026db611480e7b8c5a76.dir
      size: 796452579
      nfiles: 256
    - path: src/minor_report.py
      md5: ca7f80f59a7f5d49f0a4452be19a64bd
      size: 902
    outs:
    - path: data/gpsping/minor_report/non_covid_full_week/date_aggregation.parquet
      md5: 83a5fd1a0c11252272699baec41b4bb4
      size: 2999
  non_covid_sunday-minor_report:
    cmd: dz run-step minor_report non_covid_sunday
    deps:
    - path: data/gpsping/ubermedia/non_covid_sunday/extended_ping
      md5: 20d2b77d760d1d40141ace87742852c8.dir
      size: 113646037
      nfiles: 256
    - path: src/minor_report.py
      md5: ca7f80f59a7f5d49f0a4452be19a64bd
      size: 902
    outs:
    - path: data/gpsping/minor_report/non_covid_sunday/date_aggregation.parquet
      md5: 18104ace3f33b4a2495ed9b3555c3261
      size: 2873
  complete-minor_report:
    cmd: dz run-step minor_report complete
    deps:
    - path: data/gpsping/ubermedia/complete/extended_ping
      md5: c85c45c2d43e5ef7d54642107c89536e.dir
      size: 74840159695
      nfiles: 6144
    - path: src/minor_report.py
      md5: ca7f80f59a7f5d49f0a4452be19a64bd
      size: 902
    outs:
    - path: data/gpsping/minor_report/complete/date_aggregation.parquet
      md5: 4fa357ab74d29dc27e2f01092696905e
      size: 17848
  covid_tuesday-minor_report:
    cmd: dz run-step minor_report covid_tuesday
    deps:
    - path: data/gpsping/ubermedia/covid_tuesday/extended_ping
      md5: f9e5dc061adc355554b785153446f2a0.dir
      size: 136280133
      nfiles: 256
    - path: src/minor_report.py
      md5: ca7f80f59a7f5d49f0a4452be19a64bd
      size: 902
    outs:
    - path: data/gpsping/minor_report/covid_tuesday/date_aggregation.parquet
      md5: 207784c31ebd31796c212bdaed24429a
      size: 2873
  non_covid_thursday-minor_report:
    cmd: dz run-step minor_report non_covid_thursday
    deps:
    - path: data/gpsping/ubermedia/non_covid_thursday/extended_ping
      md5: 8474fad7ad17f957e9c68ff7538debad.dir
      size: 116407983
      nfiles: 256
    - path: src/minor_report.py
      md5: ca7f80f59a7f5d49f0a4452be19a64bd
      size: 902
    outs:
    - path: data/gpsping/minor_report/non_covid_thursday/date_aggregation.parquet
      md5: d5566b7d3526337c556935d16d2163ad
      size: 2873
  covid_full_week-minor_report:
    cmd: dz run-step minor_report covid_full_week
    deps:
    - path: data/gpsping/ubermedia/covid_full_week/extended_ping
      md5: 325ea5ce5c2080d67c287b01e9e93331.dir
      size: 903345654
      nfiles: 256
    - path: src/minor_report.py
      md5: ca7f80f59a7f5d49f0a4452be19a64bd
      size: 902
    outs:
    - path: data/gpsping/minor_report/covid_full_week/date_aggregation.parquet
      md5: 8d5d95e68825d77205ee6de5ce7e6a99
      size: 2997
  covid_sunday-minor_report:
    cmd: dz run-step minor_report covid_sunday
    deps:
    - path: data/gpsping/ubermedia/covid_sunday/extended_ping
      md5: 819ca93215869d7f7b1df8362253997e.dir
      size: 112142524
      nfiles: 256
    - path: src/minor_report.py
      md5: ca7f80f59a7f5d49f0a4452be19a64bd
      size: 902
    outs:
    - path: data/gpsping/minor_report/covid_sunday/date_aggregation.parquet
      md5: 2a97be666ba12e97788c19cfded6d358
      size: 2873
  covid_saturday-minor_report:
    cmd: dz run-step minor_report covid_saturday
    deps:
    - path: data/gpsping/ubermedia/covid_saturday/extended_ping
      md5: c0f1827b862bec58196cabd59b1a9c7a.dir
      size: 126729440
      nfiles: 256
    - path: src/minor_report.py
      md5: ca7f80f59a7f5d49f0a4452be19a64bd
      size: 902
    outs:
    - path: data/gpsping/minor_report/covid_saturday/date_aggregation.parquet
      md5: 7d05aa0204e5b9b23de86cf65f12accf
      size: 2873
  non_covid_tuesday-minor_report:
    cmd: dz run-step minor_report non_covid_tuesday
    deps:
    - path: data/gpsping/ubermedia/non_covid_tuesday/extended_ping
      md5: 1b583f3e9fbf0d52c1667ab05381cd00.dir
      size: 110562601
      nfiles: 256
    - path: src/minor_report.py
      md5: ca7f80f59a7f5d49f0a4452be19a64bd
      size: 902
    outs:
    - path: data/gpsping/minor_report/non_covid_tuesday/date_aggregation.parquet
      md5: 01bbc7cc06ef6068a3d215d29c5bf05c
      size: 2873
